
Microsoft Visual Studio Solution File, Format Version 12.00
# Visual Studio 15
VisualStudioVersion = 15.0.28307.572
MinimumVisualStudioVersion = 10.0.40219.1
Project("{FAE04EC0-301F-11D3-BF4B-00C04F79EFBC}") = "MyWindowsFormsApp", "MyWindowsFormsApp\MyWindowsFormsApp.csproj", "{894D5D86-1FA0-40CD-8BA2-6ADDF3D2E96C}"
EndProject
<<<<<<< HEAD
Project("{FAE04EC0-301F-11D3-BF4B-00C04F79EFBC}") = "MyWindowsFormsApp.Model", "MyWindowsFormsApp.Model\MyWindowsFormsApp.Model.csproj", "{F49F8436-B812-4123-A69C-F4485DE2A2C7}"
EndProject
Project("{FAE04EC0-301F-11D3-BF4B-00C04F79EFBC}") = "MyWindowsFormsApp.BLL", "MyWindowsFormsApp.BLL\MyWindowsFormsApp.BLL.csproj", "{FE480683-6422-4DE9-9387-2698FCF4B00B}"
EndProject
Project("{FAE04EC0-301F-11D3-BF4B-00C04F79EFBC}") = "MyWindowsFormsApp.Repository", "MyWindowsFormsApp.Repository\MyWindowsFormsApp.Repository.csproj", "{D5DBB825-2AAB-45CE-A228-D01A6A282A31}"
EndProject
Project("{FAE04EC0-301F-11D3-BF4B-00C04F79EFBC}") = "LinqApp", "LinqApp\LinqApp.csproj", "{08B76B79-8967-4050-8E68-DF3009127836}"
=======
Project("{FAE04EC0-301F-11D3-BF4B-00C04F79EFBC}") = "ObjectInitialization", "ObjectInitialization\ObjectInitialization.csproj", "{D7640193-BEA9-40D8-B39B-36EC9AEFD46B}"
EndProject
Project("{FAE04EC0-301F-11D3-BF4B-00C04F79EFBC}") = "MyWindowsFormsApp.Model", "MyWindowsFormsApp.Model\MyWindowsFormsApp.Model.csproj", "{21C51FD8-7AE6-4945-A863-B21374CFC5C9}"
EndProject
Project("{FAE04EC0-301F-11D3-BF4B-00C04F79EFBC}") = "ImplicitlyTypedLocalVariable", "ImplicitlyTypedLocalVariable\ImplicitlyTypedLocalVariable.csproj", "{2FE693CF-41B7-45A3-9535-04CF95901005}"
EndProject
Project("{FAE04EC0-301F-11D3-BF4B-00C04F79EFBC}") = "AnnonymusTypeObject", "AnnonymusTypeObject\AnnonymusTypeObject.csproj", "{1E627CD6-B72F-4274-B2D4-35A5C081907F}"
EndProject
Project("{FAE04EC0-301F-11D3-BF4B-00C04F79EFBC}") = "AnnonymusTypeMethod", "AnnonymusTypeMethod\AnnonymusTypeMethod.csproj", "{6BBB52C7-A449-42BF-8D20-4D3BC71CB008}"
>>>>>>> 2847990bf9361017c52f9b2f45b3aede8e0ee469
EndProject
Global
	GlobalSection(SolutionConfigurationPlatforms) = preSolution
		Debug|Any CPU = Debug|Any CPU
		Release|Any CPU = Release|Any CPU
	EndGlobalSection
	GlobalSection(ProjectConfigurationPlatforms) = postSolution
		{894D5D86-1FA0-40CD-8BA2-6ADDF3D2E96C}.Debug|Any CPU.ActiveCfg = Debug|Any CPU
		{894D5D86-1FA0-40CD-8BA2-6ADDF3D2E96C}.Debug|Any CPU.Build.0 = Debug|Any CPU
		{894D5D86-1FA0-40CD-8BA2-6ADDF3D2E96C}.Release|Any CPU.ActiveCfg = Release|Any CPU
		{894D5D86-1FA0-40CD-8BA2-6ADDF3D2E96C}.Release|Any CPU.Build.0 = Release|Any CPU
<<<<<<< HEAD
		{F49F8436-B812-4123-A69C-F4485DE2A2C7}.Debug|Any CPU.ActiveCfg = Debug|Any CPU
		{F49F8436-B812-4123-A69C-F4485DE2A2C7}.Debug|Any CPU.Build.0 = Debug|Any CPU
		{F49F8436-B812-4123-A69C-F4485DE2A2C7}.Release|Any CPU.ActiveCfg = Release|Any CPU
		{F49F8436-B812-4123-A69C-F4485DE2A2C7}.Release|Any CPU.Build.0 = Release|Any CPU
		{FE480683-6422-4DE9-9387-2698FCF4B00B}.Debug|Any CPU.ActiveCfg = Debug|Any CPU
		{FE480683-6422-4DE9-9387-2698FCF4B00B}.Debug|Any CPU.Build.0 = Debug|Any CPU
		{FE480683-6422-4DE9-9387-2698FCF4B00B}.Release|Any CPU.ActiveCfg = Release|Any CPU
		{FE480683-6422-4DE9-9387-2698FCF4B00B}.Release|Any CPU.Build.0 = Release|Any CPU
		{D5DBB825-2AAB-45CE-A228-D01A6A282A31}.Debug|Any CPU.ActiveCfg = Debug|Any CPU
		{D5DBB825-2AAB-45CE-A228-D01A6A282A31}.Debug|Any CPU.Build.0 = Debug|Any CPU
		{D5DBB825-2AAB-45CE-A228-D01A6A282A31}.Release|Any CPU.ActiveCfg = Release|Any CPU
		{D5DBB825-2AAB-45CE-A228-D01A6A282A31}.Release|Any CPU.Build.0 = Release|Any CPU
		{08B76B79-8967-4050-8E68-DF3009127836}.Debug|Any CPU.ActiveCfg = Debug|Any CPU
		{08B76B79-8967-4050-8E68-DF3009127836}.Debug|Any CPU.Build.0 = Debug|Any CPU
		{08B76B79-8967-4050-8E68-DF3009127836}.Release|Any CPU.ActiveCfg = Release|Any CPU
		{08B76B79-8967-4050-8E68-DF3009127836}.Release|Any CPU.Build.0 = Release|Any CPU
=======
		{D7640193-BEA9-40D8-B39B-36EC9AEFD46B}.Debug|Any CPU.ActiveCfg = Debug|Any CPU
		{D7640193-BEA9-40D8-B39B-36EC9AEFD46B}.Debug|Any CPU.Build.0 = Debug|Any CPU
		{D7640193-BEA9-40D8-B39B-36EC9AEFD46B}.Release|Any CPU.ActiveCfg = Release|Any CPU
		{D7640193-BEA9-40D8-B39B-36EC9AEFD46B}.Release|Any CPU.Build.0 = Release|Any CPU
		{21C51FD8-7AE6-4945-A863-B21374CFC5C9}.Debug|Any CPU.ActiveCfg = Debug|Any CPU
		{21C51FD8-7AE6-4945-A863-B21374CFC5C9}.Debug|Any CPU.Build.0 = Debug|Any CPU
		{21C51FD8-7AE6-4945-A863-B21374CFC5C9}.Release|Any CPU.ActiveCfg = Release|Any CPU
		{21C51FD8-7AE6-4945-A863-B21374CFC5C9}.Release|Any CPU.Build.0 = Release|Any CPU
		{2FE693CF-41B7-45A3-9535-04CF95901005}.Debug|Any CPU.ActiveCfg = Debug|Any CPU
		{2FE693CF-41B7-45A3-9535-04CF95901005}.Debug|Any CPU.Build.0 = Debug|Any CPU
		{2FE693CF-41B7-45A3-9535-04CF95901005}.Release|Any CPU.ActiveCfg = Release|Any CPU
		{2FE693CF-41B7-45A3-9535-04CF95901005}.Release|Any CPU.Build.0 = Release|Any CPU
		{1E627CD6-B72F-4274-B2D4-35A5C081907F}.Debug|Any CPU.ActiveCfg = Debug|Any CPU
		{1E627CD6-B72F-4274-B2D4-35A5C081907F}.Debug|Any CPU.Build.0 = Debug|Any CPU
		{1E627CD6-B72F-4274-B2D4-35A5C081907F}.Release|Any CPU.ActiveCfg = Release|Any CPU
		{1E627CD6-B72F-4274-B2D4-35A5C081907F}.Release|Any CPU.Build.0 = Release|Any CPU
		{6BBB52C7-A449-42BF-8D20-4D3BC71CB008}.Debug|Any CPU.ActiveCfg = Debug|Any CPU
		{6BBB52C7-A449-42BF-8D20-4D3BC71CB008}.Debug|Any CPU.Build.0 = Debug|Any CPU
		{6BBB52C7-A449-42BF-8D20-4D3BC71CB008}.Release|Any CPU.ActiveCfg = Release|Any CPU
		{6BBB52C7-A449-42BF-8D20-4D3BC71CB008}.Release|Any CPU.Build.0 = Release|Any CPU
>>>>>>> 2847990bf9361017c52f9b2f45b3aede8e0ee469
	EndGlobalSection
	GlobalSection(SolutionProperties) = preSolution
		HideSolutionNode = FALSE
	EndGlobalSection
	GlobalSection(ExtensibilityGlobals) = postSolution
		SolutionGuid = {491CD451-0BB7-4312-B61D-9283CB5734E6}
	EndGlobalSection
EndGlobal
